
Microsoft Visual Studio Solution File, Format Version 12.00
# Visual Studio Version 16
VisualStudioVersion = 16.0.30413.136
MinimumVisualStudioVersion = 10.0.40219.1
Project("{FAE04EC0-301F-11D3-BF4B-00C04F79EFBC}") = "Eins", "Eins\Eins.csproj", "{C0CF42B3-5868-4CF8-9A38-F0DBBC952431}"
EndProject
Project("{FAE04EC0-301F-11D3-BF4B-00C04F79EFBC}") = "EinsService", "EinsService\EinsService.csproj", "{FA98ECC6-88E3-463B-86E9-0423A0579973}"
EndProject
Global
	GlobalSection(SolutionConfigurationPlatforms) = preSolution
		Debug|Any CPU = Debug|Any CPU
		Release|Any CPU = Release|Any CPU
	EndGlobalSection
	GlobalSection(ProjectConfigurationPlatforms) = postSolution
		{C0CF42B3-5868-4CF8-9A38-F0DBBC952431}.Debug|Any CPU.ActiveCfg = Debug|Any CPU
		{C0CF42B3-5868-4CF8-9A38-F0DBBC952431}.Debug|Any CPU.Build.0 = Debug|Any CPU
		{C0CF42B3-5868-4CF8-9A38-F0DBBC952431}.Release|Any CPU.ActiveCfg = Release|Any CPU
		{C0CF42B3-5868-4CF8-9A38-F0DBBC952431}.Release|Any CPU.Build.0 = Release|Any CPU
		{FA98ECC6-88E3-463B-86E9-0423A0579973}.Debug|Any CPU.ActiveCfg = Debug|Any CPU
		{FA98ECC6-88E3-463B-86E9-0423A0579973}.Debug|Any CPU.Build.0 = Debug|Any CPU
		{FA98ECC6-88E3-463B-86E9-0423A0579973}.Release|Any CPU.ActiveCfg = Release|Any CPU
		{FA98ECC6-88E3-463B-86E9-0423A0579973}.Release|Any CPU.Build.0 = Release|Any CPU
	EndGlobalSection
	GlobalSection(SolutionProperties) = preSolution
		HideSolutionNode = FALSE
	EndGlobalSection
	GlobalSection(ExtensibilityGlobals) = postSolution
		SolutionGuid = {21FC4A08-E14D-452A-BBFD-C091F030260A}
	EndGlobalSection
EndGlobal
